
Microsoft Visual Studio Solution File, Format Version 12.00
# Visual Studio Version 16
VisualStudioVersion = 16.0.30611.23
MinimumVisualStudioVersion = 10.0.40219.1
Project("{FAE04EC0-301F-11D3-BF4B-00C04F79EFBC}") = "Barna_Valentina_Lab2", "Barna_Valentina_Lab2.csproj", "{C70CED13-1226-4F55-B2A2-A7E9BE221B7B}"
EndProject
Global
	GlobalSection(SolutionConfigurationPlatforms) = preSolution
		Debug|Any CPU = Debug|Any CPU
		Release|Any CPU = Release|Any CPU
	EndGlobalSection
	GlobalSection(ProjectConfigurationPlatforms) = postSolution
		{C70CED13-1226-4F55-B2A2-A7E9BE221B7B}.Debug|Any CPU.ActiveCfg = Debug|Any CPU
		{C70CED13-1226-4F55-B2A2-A7E9BE221B7B}.Debug|Any CPU.Build.0 = Debug|Any CPU
		{C70CED13-1226-4F55-B2A2-A7E9BE221B7B}.Release|Any CPU.ActiveCfg = Release|Any CPU
		{C70CED13-1226-4F55-B2A2-A7E9BE221B7B}.Release|Any CPU.Build.0 = Release|Any CPU
	EndGlobalSection
	GlobalSection(SolutionProperties) = preSolution
		HideSolutionNode = FALSE
	EndGlobalSection
	GlobalSection(ExtensibilityGlobals) = postSolution
		SolutionGuid = {019BB8E6-D97A-4C5F-B398-8F05B1AA26E7}
	EndGlobalSection
EndGlobal
